
Microsoft Visual Studio Solution File, Format Version 12.00
# Visual Studio Version 17
VisualStudioVersion = 17.10.35004.147
MinimumVisualStudioVersion = 10.0.40219.1
Project("{FAE04EC0-301F-11D3-BF4B-00C04F79EFBC}") = "EMS.API", "EMS.API\EMS.API.csproj", "{6F562105-72B8-4BCC-B880-517CF02BD924}"
EndProject
Project("{FAE04EC0-301F-11D3-BF4B-00C04F79EFBC}") = "EMS.Business", "EMS.Business\EMS.Business.csproj", "{2CF26B98-6511-4C3A-AC7A-6D612076ABE5}"
EndProject
Project("{FAE04EC0-301F-11D3-BF4B-00C04F79EFBC}") = "EMS.Repository", "EMS.Repository\EMS.Repository.csproj", "{FACFCBB3-5244-4AAE-889E-9A54CF0B9CE7}"
EndProject
Project("{FAE04EC0-301F-11D3-BF4B-00C04F79EFBC}") = "EMS.Tests", "EMS.Tests\EMS.Tests.csproj", "{FCE0D33D-B1A4-4283-97AB-8129628A6CAC}"
EndProject
Global
	GlobalSection(SolutionConfigurationPlatforms) = preSolution
		Debug|Any CPU = Debug|Any CPU
		Release|Any CPU = Release|Any CPU
	EndGlobalSection
	GlobalSection(ProjectConfigurationPlatforms) = postSolution
		{6F562105-72B8-4BCC-B880-517CF02BD924}.Debug|Any CPU.ActiveCfg = Debug|Any CPU
		{6F562105-72B8-4BCC-B880-517CF02BD924}.Debug|Any CPU.Build.0 = Debug|Any CPU
		{6F562105-72B8-4BCC-B880-517CF02BD924}.Release|Any CPU.ActiveCfg = Release|Any CPU
		{6F562105-72B8-4BCC-B880-517CF02BD924}.Release|Any CPU.Build.0 = Release|Any CPU
		{2CF26B98-6511-4C3A-AC7A-6D612076ABE5}.Debug|Any CPU.ActiveCfg = Debug|Any CPU
		{2CF26B98-6511-4C3A-AC7A-6D612076ABE5}.Debug|Any CPU.Build.0 = Debug|Any CPU
		{2CF26B98-6511-4C3A-AC7A-6D612076ABE5}.Release|Any CPU.ActiveCfg = Release|Any CPU
		{2CF26B98-6511-4C3A-AC7A-6D612076ABE5}.Release|Any CPU.Build.0 = Release|Any CPU
		{FACFCBB3-5244-4AAE-889E-9A54CF0B9CE7}.Debug|Any CPU.ActiveCfg = Debug|Any CPU
		{FACFCBB3-5244-4AAE-889E-9A54CF0B9CE7}.Debug|Any CPU.Build.0 = Debug|Any CPU
		{FACFCBB3-5244-4AAE-889E-9A54CF0B9CE7}.Release|Any CPU.ActiveCfg = Release|Any CPU
		{FACFCBB3-5244-4AAE-889E-9A54CF0B9CE7}.Release|Any CPU.Build.0 = Release|Any CPU
		{FCE0D33D-B1A4-4283-97AB-8129628A6CAC}.Debug|Any CPU.ActiveCfg = Debug|Any CPU
		{FCE0D33D-B1A4-4283-97AB-8129628A6CAC}.Debug|Any CPU.Build.0 = Debug|Any CPU
		{FCE0D33D-B1A4-4283-97AB-8129628A6CAC}.Release|Any CPU.ActiveCfg = Release|Any CPU
		{FCE0D33D-B1A4-4283-97AB-8129628A6CAC}.Release|Any CPU.Build.0 = Release|Any CPU
	EndGlobalSection
	GlobalSection(SolutionProperties) = preSolution
		HideSolutionNode = FALSE
	EndGlobalSection
	GlobalSection(ExtensibilityGlobals) = postSolution
		SolutionGuid = {91D22C3B-DE61-48AA-B79A-5987DA2013DD}
	EndGlobalSection
EndGlobal
